// !$*UTF8*$!
{
	archiveVersion = 1;
	classes = {
	};
	objectVersion = 56;
	objects = {

/* Begin PBXBuildFile section */
		D89906FF2A4AA659001B0A0D /* AppDelegate.swift in Sources */ = {isa = PBXBuildFile; fileRef = D89906FE2A4AA659001B0A0D /* AppDelegate.swift */; };
		D89907012A4AA659001B0A0D /* SceneDelegate.swift in Sources */ = {isa = PBXBuildFile; fileRef = D89907002A4AA659001B0A0D /* SceneDelegate.swift */; };
		D89907062A4AA659001B0A0D /* Main.storyboard in Resources */ = {isa = PBXBuildFile; fileRef = D89907042A4AA659001B0A0D /* Main.storyboard */; };
		D89907082A4AA65B001B0A0D /* Assets.xcassets in Resources */ = {isa = PBXBuildFile; fileRef = D89907072A4AA65B001B0A0D /* Assets.xcassets */; };
		D899070B2A4AA65B001B0A0D /* LaunchScreen.storyboard in Resources */ = {isa = PBXBuildFile; fileRef = D89907092A4AA65B001B0A0D /* LaunchScreen.storyboard */; };
		D89907142A4AA86A001B0A0D /* WeatherListTableViewController.swift in Sources */ = {isa = PBXBuildFile; fileRef = D89907132A4AA86A001B0A0D /* WeatherListTableViewController.swift */; };
		D89907162A4AA898001B0A0D /* AddWeatherViewController.swift in Sources */ = {isa = PBXBuildFile; fileRef = D89907152A4AA898001B0A0D /* AddWeatherViewController.swift */; };
		D89C9D822A5A047500582873 /* SettingsViewModel.swift in Sources */ = {isa = PBXBuildFile; fileRef = D89C9D812A5A047500582873 /* SettingsViewModel.swift */; };
		D8CD8D5D2A4B4FE70009DC26 /* WeatherCell.swift in Sources */ = {isa = PBXBuildFile; fileRef = D8CD8D5C2A4B4FE70009DC26 /* WeatherCell.swift */; };
		D8CD8D602A4B59D60009DC26 /* WebService.swift in Sources */ = {isa = PBXBuildFile; fileRef = D8CD8D5F2A4B59D60009DC26 /* WebService.swift */; };
		D8CD8D632A4BFCEA0009DC26 /* WeatherResponse.swift in Sources */ = {isa = PBXBuildFile; fileRef = D8CD8D622A4BFCEA0009DC26 /* WeatherResponse.swift */; };
		D8CD8D662A4C00530009DC26 /* AddWeatherViewModel.swift in Sources */ = {isa = PBXBuildFile; fileRef = D8CD8D652A4C00530009DC26 /* AddWeatherViewModel.swift */; };
		D8CD8D692A4C00960009DC26 /* Constants.swift in Sources */ = {isa = PBXBuildFile; fileRef = D8CD8D682A4C00960009DC26 /* Constants.swift */; };
		D8CD8D6C2A4C01D70009DC26 /* String+Extension.swift in Sources */ = {isa = PBXBuildFile; fileRef = D8CD8D6B2A4C01D70009DC26 /* String+Extension.swift */; };
		D8CD8D6E2A4C03AE0009DC26 /* WeatherListViewModel.swift in Sources */ = {isa = PBXBuildFile; fileRef = D8CD8D6D2A4C03AE0009DC26 /* WeatherListViewModel.swift */; };
		D8CD8D702A4C0B270009DC26 /* Double+Extension.swift in Sources */ = {isa = PBXBuildFile; fileRef = D8CD8D6F2A4C0B270009DC26 /* Double+Extension.swift */; };
		D8CD8D762A5A028F0009DC26 /* SettingsTableViewController.swift in Sources */ = {isa = PBXBuildFile; fileRef = D8CD8D752A5A028F0009DC26 /* SettingsTableViewController.swift */; };
/* End PBXBuildFile section */

/* Begin PBXFileReference section */
		D89906FB2A4AA659001B0A0D /* GoodWeather.app */ = {isa = PBXFileReference; explicitFileType = wrapper.application; includeInIndex = 0; path = GoodWeather.app; sourceTree = BUILT_PRODUCTS_DIR; };
		D89906FE2A4AA659001B0A0D /* AppDelegate.swift */ = {isa = PBXFileReference; lastKnownFileType = sourcecode.swift; path = AppDelegate.swift; sourceTree = "<group>"; };
		D89907002A4AA659001B0A0D /* SceneDelegate.swift */ = {isa = PBXFileReference; lastKnownFileType = sourcecode.swift; path = SceneDelegate.swift; sourceTree = "<group>"; };
		D89907052A4AA659001B0A0D /* Base */ = {isa = PBXFileReference; lastKnownFileType = file.storyboard; name = Base; path = Base.lproj/Main.storyboard; sourceTree = "<group>"; };
		D89907072A4AA65B001B0A0D /* Assets.xcassets */ = {isa = PBXFileReference; lastKnownFileType = folder.assetcatalog; path = Assets.xcassets; sourceTree = "<group>"; };
		D899070A2A4AA65B001B0A0D /* Base */ = {isa = PBXFileReference; lastKnownFileType = file.storyboard; name = Base; path = Base.lproj/LaunchScreen.storyboard; sourceTree = "<group>"; };
		D899070C2A4AA65B001B0A0D /* Info.plist */ = {isa = PBXFileReference; lastKnownFileType = text.plist.xml; path = Info.plist; sourceTree = "<group>"; };
		D89907132A4AA86A001B0A0D /* WeatherListTableViewController.swift */ = {isa = PBXFileReference; lastKnownFileType = sourcecode.swift; path = WeatherListTableViewController.swift; sourceTree = "<group>"; };
		D89907152A4AA898001B0A0D /* AddWeatherViewController.swift */ = {isa = PBXFileReference; lastKnownFileType = sourcecode.swift; path = AddWeatherViewController.swift; sourceTree = "<group>"; };
		D89C9D812A5A047500582873 /* SettingsViewModel.swift */ = {isa = PBXFileReference; lastKnownFileType = sourcecode.swift; path = SettingsViewModel.swift; sourceTree = "<group>"; };
		D8CD8D5C2A4B4FE70009DC26 /* WeatherCell.swift */ = {isa = PBXFileReference; lastKnownFileType = sourcecode.swift; path = WeatherCell.swift; sourceTree = "<group>"; };
		D8CD8D5F2A4B59D60009DC26 /* WebService.swift */ = {isa = PBXFileReference; lastKnownFileType = sourcecode.swift; path = WebService.swift; sourceTree = "<group>"; };
		D8CD8D622A4BFCEA0009DC26 /* WeatherResponse.swift */ = {isa = PBXFileReference; lastKnownFileType = sourcecode.swift; path = WeatherResponse.swift; sourceTree = "<group>"; };
		D8CD8D652A4C00530009DC26 /* AddWeatherViewModel.swift */ = {isa = PBXFileReference; lastKnownFileType = sourcecode.swift; path = AddWeatherViewModel.swift; sourceTree = "<group>"; };
		D8CD8D682A4C00960009DC26 /* Constants.swift */ = {isa = PBXFileReference; lastKnownFileType = sourcecode.swift; path = Constants.swift; sourceTree = "<group>"; };
		D8CD8D6B2A4C01D70009DC26 /* String+Extension.swift */ = {isa = PBXFileReference; lastKnownFileType = sourcecode.swift; path = "String+Extension.swift"; sourceTree = "<group>"; };
		D8CD8D6D2A4C03AE0009DC26 /* WeatherListViewModel.swift */ = {isa = PBXFileReference; lastKnownFileType = sourcecode.swift; path = WeatherListViewModel.swift; sourceTree = "<group>"; };
		D8CD8D6F2A4C0B270009DC26 /* Double+Extension.swift */ = {isa = PBXFileReference; lastKnownFileType = sourcecode.swift; path = "Double+Extension.swift"; sourceTree = "<group>"; };
		D8CD8D752A5A028F0009DC26 /* SettingsTableViewController.swift */ = {isa = PBXFileReference; lastKnownFileType = sourcecode.swift; path = SettingsTableViewController.swift; sourceTree = "<group>"; };
/* End PBXFileReference section */

/* Begin PBXFrameworksBuildPhase section */
		D89906F82A4AA659001B0A0D /* Frameworks */ = {
			isa = PBXFrameworksBuildPhase;
			buildActionMask = 2147483647;
			files = (
			);
			runOnlyForDeploymentPostprocessing = 0;
		};
/* End PBXFrameworksBuildPhase section */

/* Begin PBXGroup section */
		D89906F22A4AA659001B0A0D = {
			isa = PBXGroup;
			children = (
				D89906FD2A4AA659001B0A0D /* GoodWeather */,
				D89906FC2A4AA659001B0A0D /* Products */,
			);
			sourceTree = "<group>";
		};
		D89906FC2A4AA659001B0A0D /* Products */ = {
			isa = PBXGroup;
			children = (
				D89906FB2A4AA659001B0A0D /* GoodWeather.app */,
			);
			name = Products;
			sourceTree = "<group>";
		};
		D89906FD2A4AA659001B0A0D /* GoodWeather */ = {
			isa = PBXGroup;
			children = (
				D8CD8D6A2A4C01BD0009DC26 /* Extensions */,
				D8CD8D672A4C00810009DC26 /* Utilities */,
				D8CD8D642A4BFFD30009DC26 /* View Models */,
				D8CD8D612A4BFCD60009DC26 /* Models */,
				D8CD8D5E2A4B59C80009DC26 /* Services */,
				D8CD8D5B2A4B4FCD0009DC26 /* Cells */,
				D89907122A4AA84C001B0A0D /* Controllers */,
				D89906FE2A4AA659001B0A0D /* AppDelegate.swift */,
				D89907002A4AA659001B0A0D /* SceneDelegate.swift */,
				D89907042A4AA659001B0A0D /* Main.storyboard */,
				D89907072A4AA65B001B0A0D /* Assets.xcassets */,
				D89907092A4AA65B001B0A0D /* LaunchScreen.storyboard */,
				D899070C2A4AA65B001B0A0D /* Info.plist */,
			);
			path = GoodWeather;
			sourceTree = "<group>";
		};
		D89907122A4AA84C001B0A0D /* Controllers */ = {
			isa = PBXGroup;
			children = (
				D89907132A4AA86A001B0A0D /* WeatherListTableViewController.swift */,
				D89907152A4AA898001B0A0D /* AddWeatherViewController.swift */,
				D8CD8D752A5A028F0009DC26 /* SettingsTableViewController.swift */,
			);
			path = Controllers;
			sourceTree = "<group>";
		};
		D8CD8D5B2A4B4FCD0009DC26 /* Cells */ = {
			isa = PBXGroup;
			children = (
				D8CD8D5C2A4B4FE70009DC26 /* WeatherCell.swift */,
			);
			path = Cells;
			sourceTree = "<group>";
		};
		D8CD8D5E2A4B59C80009DC26 /* Services */ = {
			isa = PBXGroup;
			children = (
				D8CD8D5F2A4B59D60009DC26 /* WebService.swift */,
			);
			path = Services;
			sourceTree = "<group>";
		};
		D8CD8D612A4BFCD60009DC26 /* Models */ = {
			isa = PBXGroup;
			children = (
				D8CD8D622A4BFCEA0009DC26 /* WeatherResponse.swift */,
			);
			path = Models;
			sourceTree = "<group>";
		};
		D8CD8D642A4BFFD30009DC26 /* View Models */ = {
			isa = PBXGroup;
			children = (
				D8CD8D652A4C00530009DC26 /* AddWeatherViewModel.swift */,
				D8CD8D6D2A4C03AE0009DC26 /* WeatherListViewModel.swift */,
				D89C9D812A5A047500582873 /* SettingsViewModel.swift */,
			);
			path = "View Models";
			sourceTree = "<group>";
		};
		D8CD8D672A4C00810009DC26 /* Utilities */ = {
			isa = PBXGroup;
			children = (
				D8CD8D682A4C00960009DC26 /* Constants.swift */,
			);
			path = Utilities;
			sourceTree = "<group>";
		};
		D8CD8D6A2A4C01BD0009DC26 /* Extensions */ = {
			isa = PBXGroup;
			children = (
				D8CD8D6B2A4C01D70009DC26 /* String+Extension.swift */,
				D8CD8D6F2A4C0B270009DC26 /* Double+Extension.swift */,
			);
			path = Extensions;
			sourceTree = "<group>";
		};
/* End PBXGroup section */

/* Begin PBXNativeTarget section */
		D89906FA2A4AA659001B0A0D /* GoodWeather */ = {
			isa = PBXNativeTarget;
			buildConfigurationList = D899070F2A4AA65B001B0A0D /* Build configuration list for PBXNativeTarget "GoodWeather" */;
			buildPhases = (
				D89906F72A4AA659001B0A0D /* Sources */,
				D89906F82A4AA659001B0A0D /* Frameworks */,
				D89906F92A4AA659001B0A0D /* Resources */,
			);
			buildRules = (
			);
			dependencies = (
			);
			name = GoodWeather;
			productName = GoodWeather;
			productReference = D89906FB2A4AA659001B0A0D /* GoodWeather.app */;
			productType = "com.apple.product-type.application";
		};
/* End PBXNativeTarget section */

/* Begin PBXProject section */
		D89906F32A4AA659001B0A0D /* Project object */ = {
			isa = PBXProject;
			attributes = {
				BuildIndependentTargetsInParallel = 1;
				LastSwiftUpdateCheck = 1430;
				LastUpgradeCheck = 1430;
				TargetAttributes = {
					D89906FA2A4AA659001B0A0D = {
						CreatedOnToolsVersion = 14.3.1;
					};
				};
			};
			buildConfigurationList = D89906F62A4AA659001B0A0D /* Build configuration list for PBXProject "GoodWeather" */;
			compatibilityVersion = "Xcode 14.0";
			developmentRegion = en;
			hasScannedForEncodings = 0;
			knownRegions = (
				en,
				Base,
			);
			mainGroup = D89906F22A4AA659001B0A0D;
			productRefGroup = D89906FC2A4AA659001B0A0D /* Products */;
			projectDirPath = "";
			projectRoot = "";
			targets = (
				D89906FA2A4AA659001B0A0D /* GoodWeather */,
			);
		};
/* End PBXProject section */

/* Begin PBXResourcesBuildPhase section */
		D89906F92A4AA659001B0A0D /* Resources */ = {
			isa = PBXResourcesBuildPhase;
			buildActionMask = 2147483647;
			files = (
				D899070B2A4AA65B001B0A0D /* LaunchScreen.storyboard in Resources */,
				D89907082A4AA65B001B0A0D /* Assets.xcassets in Resources */,
				D89907062A4AA659001B0A0D /* Main.storyboard in Resources */,
			);
			runOnlyForDeploymentPostprocessing = 0;
		};
/* End PBXResourcesBuildPhase section */

/* Begin PBXSourcesBuildPhase section */
		D89906F72A4AA659001B0A0D /* Sources */ = {
			isa = PBXSourcesBuildPhase;
			buildActionMask = 2147483647;
			files = (
				D8CD8D602A4B59D60009DC26 /* WebService.swift in Sources */,
				D8CD8D762A5A028F0009DC26 /* SettingsTableViewController.swift in Sources */,
				D8CD8D662A4C00530009DC26 /* AddWeatherViewModel.swift in Sources */,
				D89907142A4AA86A001B0A0D /* WeatherListTableViewController.swift in Sources */,
				D89907162A4AA898001B0A0D /* AddWeatherViewController.swift in Sources */,
				D8CD8D632A4BFCEA0009DC26 /* WeatherResponse.swift in Sources */,
				D8CD8D5D2A4B4FE70009DC26 /* WeatherCell.swift in Sources */,
				D8CD8D6E2A4C03AE0009DC26 /* WeatherListViewModel.swift in Sources */,
				D89906FF2A4AA659001B0A0D /* AppDelegate.swift in Sources */,
				D8CD8D702A4C0B270009DC26 /* Double+Extension.swift in Sources */,
				D89907012A4AA659001B0A0D /* SceneDelegate.swift in Sources */,
				D8CD8D6C2A4C01D70009DC26 /* String+Extension.swift in Sources */,
				D8CD8D692A4C00960009DC26 /* Constants.swift in Sources */,
				D89C9D822A5A047500582873 /* SettingsViewModel.swift in Sources */,
			);
			runOnlyForDeploymentPostprocessing = 0;
		};
/* End PBXSourcesBuildPhase section */

/* Begin PBXVariantGroup section */
		D89907042A4AA659001B0A0D /* Main.storyboard */ = {
			isa = PBXVariantGroup;
			children = (
				D89907052A4AA659001B0A0D /* Base */,
			);
			name = Main.storyboard;
			sourceTree = "<group>";
		};
		D89907092A4AA65B001B0A0D /* LaunchScreen.storyboard */ = {
			isa = PBXVariantGroup;
			children = (
				D899070A2A4AA65B001B0A0D /* Base */,
			);
			name = LaunchScreen.storyboard;
			sourceTree = "<group>";
		};
/* End PBXVariantGroup section */

/* Begin XCBuildConfiguration section */
		D899070D2A4AA65B001B0A0D /* Debug */ = {
			isa = XCBuildConfiguration;
			buildSettings = {
				ALWAYS_SEARCH_USER_PATHS = NO;
				CLANG_ANALYZER_NONNULL = YES;
				CLANG_ANALYZER_NUMBER_OBJECT_CONVERSION = YES_AGGRESSIVE;
				CLANG_CXX_LANGUAGE_STANDARD = "gnu++20";
				CLANG_ENABLE_MODULES = YES;
				CLANG_ENABLE_OBJC_ARC = YES;
				CLANG_ENABLE_OBJC_WEAK = YES;
				CLANG_WARN_BLOCK_CAPTURE_AUTORELEASING = YES;
				CLANG_WARN_BOOL_CONVERSION = YES;
				CLANG_WARN_COMMA = YES;
				CLANG_WARN_CONSTANT_CONVERSION = YES;
				CLANG_WARN_DEPRECATED_OBJC_IMPLEMENTATIONS = YES;
				CLANG_WARN_DIRECT_OBJC_ISA_USAGE = YES_ERROR;
				CLANG_WARN_DOCUMENTATION_COMMENTS = YES;
				CLANG_WARN_EMPTY_BODY = YES;
				CLANG_WARN_ENUM_CONVERSION = YES;
				CLANG_WARN_INFINITE_RECURSION = YES;
				CLANG_WARN_INT_CONVERSION = YES;
				CLANG_WARN_NON_LITERAL_NULL_CONVERSION = YES;
				CLANG_WARN_OBJC_IMPLICIT_RETAIN_SELF = YES;
				CLANG_WARN_OBJC_LITERAL_CONVERSION = YES;
				CLANG_WARN_OBJC_ROOT_CLASS = YES_ERROR;
				CLANG_WARN_QUOTED_INCLUDE_IN_FRAMEWORK_HEADER = YES;
				CLANG_WARN_RANGE_LOOP_ANALYSIS = YES;
				CLANG_WARN_STRICT_PROTOTYPES = YES;
				CLANG_WARN_SUSPICIOUS_MOVE = YES;
				CLANG_WARN_UNGUARDED_AVAILABILITY = YES_AGGRESSIVE;
				CLANG_WARN_UNREACHABLE_CODE = YES;
				CLANG_WARN__DUPLICATE_METHOD_MATCH = YES;
				COPY_PHASE_STRIP = NO;
				DEBUG_INFORMATION_FORMAT = dwarf;
				ENABLE_STRICT_OBJC_MSGSEND = YES;
				ENABLE_TESTABILITY = YES;
				GCC_C_LANGUAGE_STANDARD = gnu11;
				GCC_DYNAMIC_NO_PIC = NO;
				GCC_NO_COMMON_BLOCKS = YES;
				GCC_OPTIMIZATION_LEVEL = 0;
				GCC_PREPROCESSOR_DEFINITIONS = (
					"DEBUG=1",
					"$(inherited)",
				);
				GCC_WARN_64_TO_32_BIT_CONVERSION = YES;
				GCC_WARN_ABOUT_RETURN_TYPE = YES_ERROR;
				GCC_WARN_UNDECLARED_SELECTOR = YES;
				GCC_WARN_UNINITIALIZED_AUTOS = YES_AGGRESSIVE;
				GCC_WARN_UNUSED_FUNCTION = YES;
				GCC_WARN_UNUSED_VARIABLE = YES;
				IPHONEOS_DEPLOYMENT_TARGET = 16.4;
				MTL_ENABLE_DEBUG_INFO = INCLUDE_SOURCE;
				MTL_FAST_MATH = YES;
				ONLY_ACTIVE_ARCH = YES;
				SDKROOT = iphoneos;
				SWIFT_ACTIVE_COMPILATION_CONDITIONS = DEBUG;
				SWIFT_OPTIMIZATION_LEVEL = "-Onone";
			};
			name = Debug;
		};
		D899070E2A4AA65B001B0A0D /* Release */ = {
			isa = XCBuildConfiguration;
			buildSettings = {
				ALWAYS_SEARCH_USER_PATHS = NO;
				CLANG_ANALYZER_NONNULL = YES;
				CLANG_ANALYZER_NUMBER_OBJECT_CONVERSION = YES_AGGRESSIVE;
				CLANG_CXX_LANGUAGE_STANDARD = "gnu++20";
				CLANG_ENABLE_MODULES = YES;
				CLANG_ENABLE_OBJC_ARC = YES;
				CLANG_ENABLE_OBJC_WEAK = YES;
				CLANG_WARN_BLOCK_CAPTURE_AUTORELEASING = YES;
				CLANG_WARN_BOOL_CONVERSION = YES;
				CLANG_WARN_COMMA = YES;
				CLANG_WARN_CONSTANT_CONVERSION = YES;
				CLANG_WARN_DEPRECATED_OBJC_IMPLEMENTATIONS = YES;
				CLANG_WARN_DIRECT_OBJC_ISA_USAGE = YES_ERROR;
				CLANG_WARN_DOCUMENTATION_COMMENTS = YES;
				CLANG_WARN_EMPTY_BODY = YES;
				CLANG_WARN_ENUM_CONVERSION = YES;
				CLANG_WARN_INFINITE_RECURSION = YES;
				CLANG_WARN_INT_CONVERSION = YES;
				CLANG_WARN_NON_LITERAL_NULL_CONVERSION = YES;
				CLANG_WARN_OBJC_IMPLICIT_RETAIN_SELF = YES;
				CLANG_WARN_OBJC_LITERAL_CONVERSION = YES;
				CLANG_WARN_OBJC_ROOT_CLASS = YES_ERROR;
				CLANG_WARN_QUOTED_INCLUDE_IN_FRAMEWORK_HEADER = YES;
				CLANG_WARN_RANGE_LOOP_ANALYSIS = YES;
				CLANG_WARN_STRICT_PROTOTYPES = YES;
				CLANG_WARN_SUSPICIOUS_MOVE = YES;
				CLANG_WARN_UNGUARDED_AVAILABILITY = YES_AGGRESSIVE;
				CLANG_WARN_UNREACHABLE_CODE = YES;
				CLANG_WARN__DUPLICATE_METHOD_MATCH = YES;
				COPY_PHASE_STRIP = NO;
				DEBUG_INFORMATION_FORMAT = "dwarf-with-dsym";
				ENABLE_NS_ASSERTIONS = NO;
				ENABLE_STRICT_OBJC_MSGSEND = YES;
				GCC_C_LANGUAGE_STANDARD = gnu11;
				GCC_NO_COMMON_BLOCKS = YES;
				GCC_WARN_64_TO_32_BIT_CONVERSION = YES;
				GCC_WARN_ABOUT_RETURN_TYPE = YES_ERROR;
				GCC_WARN_UNDECLARED_SELECTOR = YES;
				GCC_WARN_UNINITIALIZED_AUTOS = YES_AGGRESSIVE;
				GCC_WARN_UNUSED_FUNCTION = YES;
				GCC_WARN_UNUSED_VARIABLE = YES;
				IPHONEOS_DEPLOYMENT_TARGET = 16.4;
				MTL_ENABLE_DEBUG_INFO = NO;
				MTL_FAST_MATH = YES;
				SDKROOT = iphoneos;
				SWIFT_COMPILATION_MODE = wholemodule;
				SWIFT_OPTIMIZATION_LEVEL = "-O";
				VALIDATE_PRODUCT = YES;
			};
			name = Release;
		};
		D89907102A4AA65B001B0A0D /* Debug */ = {
			isa = XCBuildConfiguration;
			buildSettings = {
				ASSETCATALOG_COMPILER_APPICON_NAME = AppIcon;
				ASSETCATALOG_COMPILER_GLOBAL_ACCENT_COLOR_NAME = AccentColor;
				CODE_SIGN_STYLE = Automatic;
				CURRENT_PROJECT_VERSION = 1;
				DEVELOPMENT_TEAM = 74AQA4M4HV;
				GENERATE_INFOPLIST_FILE = YES;
				INFOPLIST_FILE = GoodWeather/Info.plist;
				INFOPLIST_KEY_UIApplicationSupportsIndirectInputEvents = YES;
				INFOPLIST_KEY_UILaunchStoryboardName = LaunchScreen;
				INFOPLIST_KEY_UIMainStoryboardFile = Main;
				INFOPLIST_KEY_UIStatusBarStyle = UIStatusBarStyleLightContent;
				INFOPLIST_KEY_UISupportedInterfaceOrientations_iPad = "UIInterfaceOrientationPortrait UIInterfaceOrientationPortraitUpsideDown UIInterfaceOrientationLandscapeLeft UIInterfaceOrientationLandscapeRight";
				INFOPLIST_KEY_UISupportedInterfaceOrientations_iPhone = "UIInterfaceOrientationPortrait UIInterfaceOrientationLandscapeLeft UIInterfaceOrientationLandscapeRight";
				LD_RUNPATH_SEARCH_PATHS = (
					"$(inherited)",
					"@executable_path/Frameworks",
				);
				MARKETING_VERSION = 1.0;
				PRODUCT_BUNDLE_IDENTIFIER = "Dominique-Strachan.GoodWeather";
				PRODUCT_NAME = "$(TARGET_NAME)";
				SWIFT_EMIT_LOC_STRINGS = YES;
				SWIFT_VERSION = 5.0;
				TARGETED_DEVICE_FAMILY = "1,2";
			};
			name = Debug;
		};
		D89907112A4AA65B001B0A0D /* Release */ = {
			isa = XCBuildConfiguration;
			buildSettings = {
				ASSETCATALOG_COMPILER_APPICON_NAME = AppIcon;
				ASSETCATALOG_COMPILER_GLOBAL_ACCENT_COLOR_NAME = AccentColor;
				CODE_SIGN_STYLE = Automatic;
				CURRENT_PROJECT_VERSION = 1;
				DEVELOPMENT_TEAM = 74AQA4M4HV;
				GENERATE_INFOPLIST_FILE = YES;
				INFOPLIST_FILE = GoodWeather/Info.plist;
				INFOPLIST_KEY_UIApplicationSupportsIndirectInputEvents = YES;
				INFOPLIST_KEY_UILaunchStoryboardName = LaunchScreen;
				INFOPLIST_KEY_UIMainStoryboardFile = Main;
				INFOPLIST_KEY_UIStatusBarStyle = UIStatusBarStyleLightContent;
				INFOPLIST_KEY_UISupportedInterfaceOrientations_iPad = "UIInterfaceOrientationPortrait UIInterfaceOrientationPortraitUpsideDown UIInterfaceOrientationLandscapeLeft UIInterfaceOrientationLandscapeRight";
				INFOPLIST_KEY_UISupportedInterfaceOrientations_iPhone = "UIInterfaceOrientationPortrait UIInterfaceOrientationLandscapeLeft UIInterfaceOrientationLandscapeRight";
				LD_RUNPATH_SEARCH_PATHS = (
					"$(inherited)",
					"@executable_path/Frameworks",
				);
				MARKETING_VERSION = 1.0;
				PRODUCT_BUNDLE_IDENTIFIER = "Dominique-Strachan.GoodWeather";
				PRODUCT_NAME = "$(TARGET_NAME)";
				SWIFT_EMIT_LOC_STRINGS = YES;
				SWIFT_VERSION = 5.0;
				TARGETED_DEVICE_FAMILY = "1,2";
			};
			name = Release;
		};
/* End XCBuildConfiguration section */

/* Begin XCConfigurationList section */
		D89906F62A4AA659001B0A0D /* Build configuration list for PBXProject "GoodWeather" */ = {
			isa = XCConfigurationList;
			buildConfigurations = (
				D899070D2A4AA65B001B0A0D /* Debug */,
				D899070E2A4AA65B001B0A0D /* Release */,
			);
			defaultConfigurationIsVisible = 0;
			defaultConfigurationName = Release;
		};
		D899070F2A4AA65B001B0A0D /* Build configuration list for PBXNativeTarget "GoodWeather" */ = {
			isa = XCConfigurationList;
			buildConfigurations = (
				D89907102A4AA65B001B0A0D /* Debug */,
				D89907112A4AA65B001B0A0D /* Release */,
			);
			defaultConfigurationIsVisible = 0;
			defaultConfigurationName = Release;
		};
/* End XCConfigurationList section */
	};
	rootObject = D89906F32A4AA659001B0A0D /* Project object */;
}
